// !$*UTF8*$!
{
	archiveVersion = 1;
	classes = {
	};
	objectVersion = 46;
	objects = {

/* Begin PBXBuildFile section */
		2C8B2B6319DF03AE00EC9FEE /* main.m in Sources */ = {isa = PBXBuildFile; fileRef = 2C8B2B6219DF03AE00EC9FEE /* main.m */; };
		2C8B2B6619DF03AE00EC9FEE /* AppDelegate.m in Sources */ = {isa = PBXBuildFile; fileRef = 2C8B2B6519DF03AE00EC9FEE /* AppDelegate.m */; };
		2C8B2B6C19DF03AE00EC9FEE /* Main.storyboard in Resources */ = {isa = PBXBuildFile; fileRef = 2C8B2B6A19DF03AE00EC9FEE /* Main.storyboard */; };
		2C8B2B6E19DF03AE00EC9FEE /* Images.xcassets in Resources */ = {isa = PBXBuildFile; fileRef = 2C8B2B6D19DF03AE00EC9FEE /* Images.xcassets */; };
		2C8B2B7119DF03AE00EC9FEE /* LaunchScreen.xib in Resources */ = {isa = PBXBuildFile; fileRef = 2C8B2B6F19DF03AE00EC9FEE /* LaunchScreen.xib */; };
		2C8B2B7D19DF03AE00EC9FEE /* TicTacToeTests.m in Sources */ = {isa = PBXBuildFile; fileRef = 2C8B2B7C19DF03AE00EC9FEE /* TicTacToeTests.m */; };
		2C8B2B8819DF051400EC9FEE /* GameViewController.m in Sources */ = {isa = PBXBuildFile; fileRef = 2C8B2B8719DF051400EC9FEE /* GameViewController.m */; };
		2C8B2B8B19DF074300EC9FEE /* Game.m in Sources */ = {isa = PBXBuildFile; fileRef = 2C8B2B8A19DF074300EC9FEE /* Game.m */; };
		2C8B2B8E19DF08BA00EC9FEE /* Player.m in Sources */ = {isa = PBXBuildFile; fileRef = 2C8B2B8D19DF08BA00EC9FEE /* Player.m */; };
/* End PBXBuildFile section */

/* Begin PBXContainerItemProxy section */
		2C8B2B7719DF03AE00EC9FEE /* PBXContainerItemProxy */ = {
			isa = PBXContainerItemProxy;
			containerPortal = 2C8B2B5519DF03AE00EC9FEE /* Project object */;
			proxyType = 1;
			remoteGlobalIDString = 2C8B2B5C19DF03AE00EC9FEE;
			remoteInfo = TicTacToe;
		};
/* End PBXContainerItemProxy section */

/* Begin PBXFileReference section */
		2C8B2B5D19DF03AE00EC9FEE /* TicTacToe.app */ = {isa = PBXFileReference; explicitFileType = wrapper.application; includeInIndex = 0; path = TicTacToe.app; sourceTree = BUILT_PRODUCTS_DIR; };
		2C8B2B6119DF03AE00EC9FEE /* Info.plist */ = {isa = PBXFileReference; lastKnownFileType = text.plist.xml; path = Info.plist; sourceTree = "<group>"; };
		2C8B2B6219DF03AE00EC9FEE /* main.m */ = {isa = PBXFileReference; lastKnownFileType = sourcecode.c.objc; path = main.m; sourceTree = "<group>"; };
		2C8B2B6419DF03AE00EC9FEE /* AppDelegate.h */ = {isa = PBXFileReference; lastKnownFileType = sourcecode.c.h; path = AppDelegate.h; sourceTree = "<group>"; };
		2C8B2B6519DF03AE00EC9FEE /* AppDelegate.m */ = {isa = PBXFileReference; lastKnownFileType = sourcecode.c.objc; path = AppDelegate.m; sourceTree = "<group>"; };
		2C8B2B6B19DF03AE00EC9FEE /* Base */ = {isa = PBXFileReference; lastKnownFileType = file.storyboard; name = Base; path = Base.lproj/Main.storyboard; sourceTree = "<group>"; };
		2C8B2B6D19DF03AE00EC9FEE /* Images.xcassets */ = {isa = PBXFileReference; lastKnownFileType = folder.assetcatalog; path = Images.xcassets; sourceTree = "<group>"; };
		2C8B2B7019DF03AE00EC9FEE /* Base */ = {isa = PBXFileReference; lastKnownFileType = file.xib; name = Base; path = Base.lproj/LaunchScreen.xib; sourceTree = "<group>"; };
		2C8B2B7619DF03AE00EC9FEE /* TicTacToeTests.xctest */ = {isa = PBXFileReference; explicitFileType = wrapper.cfbundle; includeInIndex = 0; path = TicTacToeTests.xctest; sourceTree = BUILT_PRODUCTS_DIR; };
		2C8B2B7B19DF03AE00EC9FEE /* Info.plist */ = {isa = PBXFileReference; lastKnownFileType = text.plist.xml; path = Info.plist; sourceTree = "<group>"; };
		2C8B2B7C19DF03AE00EC9FEE /* TicTacToeTests.m */ = {isa = PBXFileReference; lastKnownFileType = sourcecode.c.objc; path = TicTacToeTests.m; sourceTree = "<group>"; };
		2C8B2B8619DF051400EC9FEE /* GameViewController.h */ = {isa = PBXFileReference; fileEncoding = 4; lastKnownFileType = sourcecode.c.h; path = GameViewController.h; sourceTree = "<group>"; };
		2C8B2B8719DF051400EC9FEE /* GameViewController.m */ = {isa = PBXFileReference; fileEncoding = 4; lastKnownFileType = sourcecode.c.objc; path = GameViewController.m; sourceTree = "<group>"; };
		2C8B2B8919DF074300EC9FEE /* Game.h */ = {isa = PBXFileReference; fileEncoding = 4; lastKnownFileType = sourcecode.c.h; path = Game.h; sourceTree = "<group>"; };
		2C8B2B8A19DF074300EC9FEE /* Game.m */ = {isa = PBXFileReference; fileEncoding = 4; lastKnownFileType = sourcecode.c.objc; path = Game.m; sourceTree = "<group>"; };
		2C8B2B8C19DF08BA00EC9FEE /* Player.h */ = {isa = PBXFileReference; fileEncoding = 4; lastKnownFileType = sourcecode.c.h; path = Player.h; sourceTree = "<group>"; };
		2C8B2B8D19DF08BA00EC9FEE /* Player.m */ = {isa = PBXFileReference; fileEncoding = 4; lastKnownFileType = sourcecode.c.objc; path = Player.m; sourceTree = "<group>"; };
/* End PBXFileReference section */

/* Begin PBXFrameworksBuildPhase section */
		2C8B2B5A19DF03AE00EC9FEE /* Frameworks */ = {
			isa = PBXFrameworksBuildPhase;
			buildActionMask = 2147483647;
			files = (
			);
			runOnlyForDeploymentPostprocessing = 0;
		};
		2C8B2B7319DF03AE00EC9FEE /* Frameworks */ = {
			isa = PBXFrameworksBuildPhase;
			buildActionMask = 2147483647;
			files = (
			);
			runOnlyForDeploymentPostprocessing = 0;
		};
/* End PBXFrameworksBuildPhase section */

/* Begin PBXGroup section */
		2C8B2B5419DF03AE00EC9FEE = {
			isa = PBXGroup;
			children = (
				2C8B2B5F19DF03AE00EC9FEE /* TicTacToe */,
				2C8B2B7919DF03AE00EC9FEE /* TicTacToeTests */,
				2C8B2B5E19DF03AE00EC9FEE /* Products */,
			);
			sourceTree = "<group>";
		};
		2C8B2B5E19DF03AE00EC9FEE /* Products */ = {
			isa = PBXGroup;
			children = (
				2C8B2B5D19DF03AE00EC9FEE /* TicTacToe.app */,
				2C8B2B7619DF03AE00EC9FEE /* TicTacToeTests.xctest */,
			);
			name = Products;
			sourceTree = "<group>";
		};
		2C8B2B5F19DF03AE00EC9FEE /* TicTacToe */ = {
			isa = PBXGroup;
			children = (
				2C8B2B6419DF03AE00EC9FEE /* AppDelegate.h */,
				2C8B2B6519DF03AE00EC9FEE /* AppDelegate.m */,
				2C8B2B8619DF051400EC9FEE /* GameViewController.h */,
				2C8B2B8719DF051400EC9FEE /* GameViewController.m */,
				2C8B2B6A19DF03AE00EC9FEE /* Main.storyboard */,
				2C8B2B6D19DF03AE00EC9FEE /* Images.xcassets */,
				2C8B2B6F19DF03AE00EC9FEE /* LaunchScreen.xib */,
				2C8B2B6019DF03AE00EC9FEE /* Supporting Files */,
				2C8B2B8919DF074300EC9FEE /* Game.h */,
				2C8B2B8A19DF074300EC9FEE /* Game.m */,
				2C8B2B8C19DF08BA00EC9FEE /* Player.h */,
				2C8B2B8D19DF08BA00EC9FEE /* Player.m */,
			);
			path = TicTacToe;
			sourceTree = "<group>";
		};
		2C8B2B6019DF03AE00EC9FEE /* Supporting Files */ = {
			isa = PBXGroup;
			children = (
				2C8B2B6119DF03AE00EC9FEE /* Info.plist */,
				2C8B2B6219DF03AE00EC9FEE /* main.m */,
			);
			name = "Supporting Files";
			sourceTree = "<group>";
		};
		2C8B2B7919DF03AE00EC9FEE /* TicTacToeTests */ = {
			isa = PBXGroup;
			children = (
				2C8B2B7C19DF03AE00EC9FEE /* TicTacToeTests.m */,
				2C8B2B7A19DF03AE00EC9FEE /* Supporting Files */,
			);
			path = TicTacToeTests;
			sourceTree = "<group>";
		};
		2C8B2B7A19DF03AE00EC9FEE /* Supporting Files */ = {
			isa = PBXGroup;
			children = (
				2C8B2B7B19DF03AE00EC9FEE /* Info.plist */,
			);
			name = "Supporting Files";
			sourceTree = "<group>";
		};
/* End PBXGroup section */

/* Begin PBXNativeTarget section */
		2C8B2B5C19DF03AE00EC9FEE /* TicTacToe */ = {
			isa = PBXNativeTarget;
			buildConfigurationList = 2C8B2B8019DF03AE00EC9FEE /* Build configuration list for PBXNativeTarget "TicTacToe" */;
			buildPhases = (
				2C8B2B5919DF03AE00EC9FEE /* Sources */,
				2C8B2B5A19DF03AE00EC9FEE /* Frameworks */,
				2C8B2B5B19DF03AE00EC9FEE /* Resources */,
			);
			buildRules = (
			);
			dependencies = (
			);
			name = TicTacToe;
			productName = TicTacToe;
			productReference = 2C8B2B5D19DF03AE00EC9FEE /* TicTacToe.app */;
			productType = "com.apple.product-type.application";
		};
		2C8B2B7519DF03AE00EC9FEE /* TicTacToeTests */ = {
			isa = PBXNativeTarget;
			buildConfigurationList = 2C8B2B8319DF03AE00EC9FEE /* Build configuration list for PBXNativeTarget "TicTacToeTests" */;
			buildPhases = (
				2C8B2B7219DF03AE00EC9FEE /* Sources */,
				2C8B2B7319DF03AE00EC9FEE /* Frameworks */,
				2C8B2B7419DF03AE00EC9FEE /* Resources */,
			);
			buildRules = (
			);
			dependencies = (
				2C8B2B7819DF03AE00EC9FEE /* PBXTargetDependency */,
			);
			name = TicTacToeTests;
			productName = TicTacToeTests;
			productReference = 2C8B2B7619DF03AE00EC9FEE /* TicTacToeTests.xctest */;
			productType = "com.apple.product-type.bundle.unit-test";
		};
/* End PBXNativeTarget section */

/* Begin PBXProject section */
		2C8B2B5519DF03AE00EC9FEE /* Project object */ = {
			isa = PBXProject;
			attributes = {
				LastUpgradeCheck = 0600;
				ORGANIZATIONNAME = "Hai Phung";
				TargetAttributes = {
					2C8B2B5C19DF03AE00EC9FEE = {
						CreatedOnToolsVersion = 6.0.1;
					};
					2C8B2B7519DF03AE00EC9FEE = {
						CreatedOnToolsVersion = 6.0.1;
						TestTargetID = 2C8B2B5C19DF03AE00EC9FEE;
					};
				};
			};
			buildConfigurationList = 2C8B2B5819DF03AE00EC9FEE /* Build configuration list for PBXProject "TicTacToe" */;
			compatibilityVersion = "Xcode 3.2";
			developmentRegion = English;
			hasScannedForEncodings = 0;
			knownRegions = (
				en,
				Base,
			);
			mainGroup = 2C8B2B5419DF03AE00EC9FEE;
			productRefGroup = 2C8B2B5E19DF03AE00EC9FEE /* Products */;
			projectDirPath = "";
			projectRoot = "";
			targets = (
				2C8B2B5C19DF03AE00EC9FEE /* TicTacToe */,
				2C8B2B7519DF03AE00EC9FEE /* TicTacToeTests */,
			);
		};
/* End PBXProject section */

/* Begin PBXResourcesBuildPhase section */
		2C8B2B5B19DF03AE00EC9FEE /* Resources */ = {
			isa = PBXResourcesBuildPhase;
			buildActionMask = 2147483647;
			files = (
				2C8B2B6C19DF03AE00EC9FEE /* Main.storyboard in Resources */,
				2C8B2B7119DF03AE00EC9FEE /* LaunchScreen.xib in Resources */,
				2C8B2B6E19DF03AE00EC9FEE /* Images.xcassets in Resources */,
			);
			runOnlyForDeploymentPostprocessing = 0;
		};
		2C8B2B7419DF03AE00EC9FEE /* Resources */ = {
			isa = PBXResourcesBuildPhase;
			buildActionMask = 2147483647;
			files = (
			);
			runOnlyForDeploymentPostprocessing = 0;
		};
/* End PBXResourcesBuildPhase section */

/* Begin PBXSourcesBuildPhase section */
		2C8B2B5919DF03AE00EC9FEE /* Sources */ = {
			isa = PBXSourcesBuildPhase;
			buildActionMask = 2147483647;
			files = (
				2C8B2B6619DF03AE00EC9FEE /* AppDelegate.m in Sources */,
				2C8B2B8819DF051400EC9FEE /* GameViewController.m in Sources */,
				2C8B2B6319DF03AE00EC9FEE /* main.m in Sources */,
				2C8B2B8B19DF074300EC9FEE /* Game.m in Sources */,
				2C8B2B8E19DF08BA00EC9FEE /* Player.m in Sources */,
			);
			runOnlyForDeploymentPostprocessing = 0;
		};
		2C8B2B7219DF03AE00EC9FEE /* Sources */ = {
			isa = PBXSourcesBuildPhase;
			buildActionMask = 2147483647;
			files = (
				2C8B2B7D19DF03AE00EC9FEE /* TicTacToeTests.m in Sources */,
			);
			runOnlyForDeploymentPostprocessing = 0;
		};
/* End PBXSourcesBuildPhase section */

/* Begin PBXTargetDependency section */
		2C8B2B7819DF03AE00EC9FEE /* PBXTargetDependency */ = {
			isa = PBXTargetDependency;
			target = 2C8B2B5C19DF03AE00EC9FEE /* TicTacToe */;
			targetProxy = 2C8B2B7719DF03AE00EC9FEE /* PBXContainerItemProxy */;
		};
/* End PBXTargetDependency section */

/* Begin PBXVariantGroup section */
		2C8B2B6A19DF03AE00EC9FEE /* Main.storyboard */ = {
			isa = PBXVariantGroup;
			children = (
				2C8B2B6B19DF03AE00EC9FEE /* Base */,
			);
			name = Main.storyboard;
			sourceTree = "<group>";
		};
		2C8B2B6F19DF03AE00EC9FEE /* LaunchScreen.xib */ = {
			isa = PBXVariantGroup;
			children = (
				2C8B2B7019DF03AE00EC9FEE /* Base */,
			);
			name = LaunchScreen.xib;
			sourceTree = "<group>";
		};
/* End PBXVariantGroup section */

/* Begin XCBuildConfiguration section */
		2C8B2B7E19DF03AE00EC9FEE /* Debug */ = {
			isa = XCBuildConfiguration;
			buildSettings = {
				ALWAYS_SEARCH_USER_PATHS = NO;
				CLANG_CXX_LANGUAGE_STANDARD = "gnu++0x";
				CLANG_CXX_LIBRARY = "libc++";
				CLANG_ENABLE_MODULES = YES;
				CLANG_ENABLE_OBJC_ARC = YES;
				CLANG_WARN_BOOL_CONVERSION = YES;
				CLANG_WARN_CONSTANT_CONVERSION = YES;
				CLANG_WARN_DIRECT_OBJC_ISA_USAGE = YES_ERROR;
				CLANG_WARN_EMPTY_BODY = YES;
				CLANG_WARN_ENUM_CONVERSION = YES;
				CLANG_WARN_INT_CONVERSION = YES;
				CLANG_WARN_OBJC_ROOT_CLASS = YES_ERROR;
				CLANG_WARN_UNREACHABLE_CODE = YES;
				CLANG_WARN__DUPLICATE_METHOD_MATCH = YES;
				"CODE_SIGN_IDENTITY[sdk=iphoneos*]" = "iPhone Developer";
				COPY_PHASE_STRIP = NO;
				ENABLE_STRICT_OBJC_MSGSEND = YES;
				GCC_C_LANGUAGE_STANDARD = gnu99;
				GCC_DYNAMIC_NO_PIC = NO;
				GCC_OPTIMIZATION_LEVEL = 0;
				GCC_PREPROCESSOR_DEFINITIONS = (
					"DEBUG=1",
					"$(inherited)",
				);
				GCC_SYMBOLS_PRIVATE_EXTERN = NO;
				GCC_WARN_64_TO_32_BIT_CONVERSION = YES;
				GCC_WARN_ABOUT_RETURN_TYPE = YES_ERROR;
				GCC_WARN_UNDECLARED_SELECTOR = YES;
				GCC_WARN_UNINITIALIZED_AUTOS = YES_AGGRESSIVE;
				GCC_WARN_UNUSED_FUNCTION = YES;
				GCC_WARN_UNUSED_VARIABLE = YES;
				IPHONEOS_DEPLOYMENT_TARGET = 8.0;
				MTL_ENABLE_DEBUG_INFO = YES;
				ONLY_ACTIVE_ARCH = YES;
				SDKROOT = iphoneos;
			};
			name = Debug;
		};
		2C8B2B7F19DF03AE00EC9FEE /* Release */ = {
			isa = XCBuildConfiguration;
			buildSettings = {
				ALWAYS_SEARCH_USER_PATHS = NO;
				CLANG_CXX_LANGUAGE_STANDARD = "gnu++0x";
				CLANG_CXX_LIBRARY = "libc++";
				CLANG_ENABLE_MODULES = YES;
				CLANG_ENABLE_OBJC_ARC = YES;
				CLANG_WARN_BOOL_CONVERSION = YES;
				CLANG_WARN_CONSTANT_CONVERSION = YES;
				CLANG_WARN_DIRECT_OBJC_ISA_USAGE = YES_ERROR;
				CLANG_WARN_EMPTY_BODY = YES;
				CLANG_WARN_ENUM_CONVERSION = YES;
				CLANG_WARN_INT_CONVERSION = YES;
				CLANG_WARN_OBJC_ROOT_CLASS = YES_ERROR;
				CLANG_WARN_UNREACHABLE_CODE = YES;
				CLANG_WARN__DUPLICATE_METHOD_MATCH = YES;
				"CODE_SIGN_IDENTITY[sdk=iphoneos*]" = "iPhone Developer";
				COPY_PHASE_STRIP = YES;
				ENABLE_NS_ASSERTIONS = NO;
				ENABLE_STRICT_OBJC_MSGSEND = YES;
				GCC_C_LANGUAGE_STANDARD = gnu99;
				GCC_WARN_64_TO_32_BIT_CONVERSION = YES;
				GCC_WARN_ABOUT_RETURN_TYPE = YES_ERROR;
				GCC_WARN_UNDECLARED_SELECTOR = YES;
				GCC_WARN_UNINITIALIZED_AUTOS = YES_AGGRESSIVE;
				GCC_WARN_UNUSED_FUNCTION = YES;
				GCC_WARN_UNUSED_VARIABLE = YES;
				IPHONEOS_DEPLOYMENT_TARGET = 8.0;
				MTL_ENABLE_DEBUG_INFO = NO;
				SDKROOT = iphoneos;
				VALIDATE_PRODUCT = YES;
			};
			name = Release;
		};
		2C8B2B8119DF03AE00EC9FEE /* Debug */ = {
			isa = XCBuildConfiguration;
			buildSettings = {
				ASSETCATALOG_COMPILER_APPICON_NAME = AppIcon;
				INFOPLIST_FILE = TicTacToe/Info.plist;
				LD_RUNPATH_SEARCH_PATHS = "$(inherited) @executable_path/Frameworks";
				PRODUCT_NAME = "$(TARGET_NAME)";
			};
			name = Debug;
		};
		2C8B2B8219DF03AE00EC9FEE /* Release */ = {
			isa = XCBuildConfiguration;
			buildSettings = {
				ASSETCATALOG_COMPILER_APPICON_NAME = AppIcon;
				INFOPLIST_FILE = TicTacToe/Info.plist;
				LD_RUNPATH_SEARCH_PATHS = "$(inherited) @executable_path/Frameworks";
				PRODUCT_NAME = "$(TARGET_NAME)";
			};
			name = Release;
		};
		2C8B2B8419DF03AE00EC9FEE /* Debug */ = {
			isa = XCBuildConfiguration;
			buildSettings = {
				BUNDLE_LOADER = "$(TEST_HOST)";
				FRAMEWORK_SEARCH_PATHS = (
					"$(SDKROOT)/Developer/Library/Frameworks",
					"$(inherited)",
				);
				GCC_PREPROCESSOR_DEFINITIONS = (
					"DEBUG=1",
					"$(inherited)",
				);
				INFOPLIST_FILE = TicTacToeTests/Info.plist;
				LD_RUNPATH_SEARCH_PATHS = "$(inherited) @executable_path/Frameworks @loader_path/Frameworks";
				PRODUCT_NAME = "$(TARGET_NAME)";
				TEST_HOST = "$(BUILT_PRODUCTS_DIR)/TicTacToe.app/TicTacToe";
			};
			name = Debug;
		};
		2C8B2B8519DF03AE00EC9FEE /* Release */ = {
			isa = XCBuildConfiguration;
			buildSettings = {
				BUNDLE_LOADER = "$(TEST_HOST)";
				FRAMEWORK_SEARCH_PATHS = (
					"$(SDKROOT)/Developer/Library/Frameworks",
					"$(inherited)",
				);
				INFOPLIST_FILE = TicTacToeTests/Info.plist;
				LD_RUNPATH_SEARCH_PATHS = "$(inherited) @executable_path/Frameworks @loader_path/Frameworks";
				PRODUCT_NAME = "$(TARGET_NAME)";
				TEST_HOST = "$(BUILT_PRODUCTS_DIR)/TicTacToe.app/TicTacToe";
			};
			name = Release;
		};
/* End XCBuildConfiguration section */

/* Begin XCConfigurationList section */
		2C8B2B5819DF03AE00EC9FEE /* Build configuration list for PBXProject "TicTacToe" */ = {
			isa = XCConfigurationList;
			buildConfigurations = (
				2C8B2B7E19DF03AE00EC9FEE /* Debug */,
				2C8B2B7F19DF03AE00EC9FEE /* Release */,
			);
			defaultConfigurationIsVisible = 0;
			defaultConfigurationName = Release;
		};
		2C8B2B8019DF03AE00EC9FEE /* Build configuration list for PBXNativeTarget "TicTacToe" */ = {
			isa = XCConfigurationList;
			buildConfigurations = (
				2C8B2B8119DF03AE00EC9FEE /* Debug */,
				2C8B2B8219DF03AE00EC9FEE /* Release */,
			);
			defaultConfigurationIsVisible = 0;
		};
		2C8B2B8319DF03AE00EC9FEE /* Build configuration list for PBXNativeTarget "TicTacToeTests" */ = {
			isa = XCConfigurationList;
			buildConfigurations = (
				2C8B2B8419DF03AE00EC9FEE /* Debug */,
				2C8B2B8519DF03AE00EC9FEE /* Release */,
			);
			defaultConfigurationIsVisible = 0;
		};
/* End XCConfigurationList section */
	};
	rootObject = 2C8B2B5519DF03AE00EC9FEE /* Project object */;
}
